{
  "name": "client",
  "version": "1.0.0",
  "lockfileVersion": 3,
  "requires": true,
  "packages": {
    "": {
      "name": "client",
      "version": "1.0.0",
      "license": "ISC",
      "dependencies": {
        "hello-world-module": "file:../library-cjs/hello-world-cjs-module-1.0.5.tgz",
        "hello-world-module-esm": "file:../library-esm/hello-world-esm-module-1.0.4.tgz"
      }
    },
    "node_modules/hello-world-module": {
      "name": "hello-world-cjs-module",
      "version": "1.0.5",
      "resolved": "file:../library-cjs/hello-world-cjs-module-1.0.5.tgz",
      "integrity": "sha512-7EEiunwspX9YbaYgyalEFpZQ1cv3WnQi4NUPnl9UqIEI/JxwWLb5VzbZcyFzz/axip1RwRzlZR9M07yHGoVOKQ=="
    },
    "node_modules/hello-world-module-esm": {
      "name": "hello-world-esm-module",
      "version": "1.0.4",
      "resolved": "file:../library-esm/hello-world-esm-module-1.0.4.tgz",
      "integrity": "sha512-Tks9vNXZhcxWd4dzxb44ZDKm3y2GzNUDk3o/KQCh0aHm2uk5NCHFlQ95bilsh/wPOTmwWUUku9PQGU4lh235IA=="
    }
  }
}
